
Microsoft Visual Studio Solution File, Format Version 12.00
# Visual Studio Version 17
VisualStudioVersion = 17.1.32210.238
MinimumVisualStudioVersion = 10.0.40219.1
Project("{FAE04EC0-301F-11D3-BF4B-00C04F79EFBC}") = "BinaryTree", "BinaryTree\BinaryTree.csproj", "{1AE24BC3-FD8A-45CA-AC9C-9EFAA3577063}"
EndProject
Global
	GlobalSection(SolutionConfigurationPlatforms) = preSolution
		Debug|Any CPU = Debug|Any CPU
		Release|Any CPU = Release|Any CPU
	EndGlobalSection
	GlobalSection(ProjectConfigurationPlatforms) = postSolution
		{1AE24BC3-FD8A-45CA-AC9C-9EFAA3577063}.Debug|Any CPU.ActiveCfg = Debug|Any CPU
		{1AE24BC3-FD8A-45CA-AC9C-9EFAA3577063}.Debug|Any CPU.Build.0 = Debug|Any CPU
		{1AE24BC3-FD8A-45CA-AC9C-9EFAA3577063}.Release|Any CPU.ActiveCfg = Release|Any CPU
		{1AE24BC3-FD8A-45CA-AC9C-9EFAA3577063}.Release|Any CPU.Build.0 = Release|Any CPU
	EndGlobalSection
	GlobalSection(SolutionProperties) = preSolution
		HideSolutionNode = FALSE
	EndGlobalSection
	GlobalSection(ExtensibilityGlobals) = postSolution
		SolutionGuid = {108DF497-7FB7-4B39-A02C-969965999A3D}
	EndGlobalSection
EndGlobal
