
Microsoft Visual Studio Solution File, Format Version 12.00
# Visual Studio Version 17
VisualStudioVersion = 17.1.32210.238
MinimumVisualStudioVersion = 10.0.40219.1
Project("{FAE04EC0-301F-11D3-BF4B-00C04F79EFBC}") = "Regex", "Regex\Regex.csproj", "{4517B5B9-8A4D-4D19-9F4D-5F9F418248CB}"
EndProject
Global
	GlobalSection(SolutionConfigurationPlatforms) = preSolution
		Debug|Any CPU = Debug|Any CPU
		Release|Any CPU = Release|Any CPU
	EndGlobalSection
	GlobalSection(ProjectConfigurationPlatforms) = postSolution
		{4517B5B9-8A4D-4D19-9F4D-5F9F418248CB}.Debug|Any CPU.ActiveCfg = Debug|Any CPU
		{4517B5B9-8A4D-4D19-9F4D-5F9F418248CB}.Debug|Any CPU.Build.0 = Debug|Any CPU
		{4517B5B9-8A4D-4D19-9F4D-5F9F418248CB}.Release|Any CPU.ActiveCfg = Release|Any CPU
		{4517B5B9-8A4D-4D19-9F4D-5F9F418248CB}.Release|Any CPU.Build.0 = Release|Any CPU
	EndGlobalSection
	GlobalSection(SolutionProperties) = preSolution
		HideSolutionNode = FALSE
	EndGlobalSection
	GlobalSection(ExtensibilityGlobals) = postSolution
		SolutionGuid = {C35D759B-EBA6-49A7-B6DF-FABB4B3F9D97}
	EndGlobalSection
EndGlobal
